
Microsoft Visual Studio Solution File, Format Version 12.00
# Visual Studio Version 16
VisualStudioVersion = 16.0.29613.14
MinimumVisualStudioVersion = 10.0.40219.1
Project("{FAE04EC0-301F-11D3-BF4B-00C04F79EFBC}") = "WebApplication1", "WebApplication1\WebApplication1.csproj", "{664F0035-2134-4EA0-9B86-506608937456}"
EndProject
Global
	GlobalSection(SolutionConfigurationPlatforms) = preSolution
		Debug|Any CPU = Debug|Any CPU
		Release|Any CPU = Release|Any CPU
	EndGlobalSection
	GlobalSection(ProjectConfigurationPlatforms) = postSolution
		{664F0035-2134-4EA0-9B86-506608937456}.Debug|Any CPU.ActiveCfg = Debug|Any CPU
		{664F0035-2134-4EA0-9B86-506608937456}.Debug|Any CPU.Build.0 = Debug|Any CPU
		{664F0035-2134-4EA0-9B86-506608937456}.Release|Any CPU.ActiveCfg = Release|Any CPU
		{664F0035-2134-4EA0-9B86-506608937456}.Release|Any CPU.Build.0 = Release|Any CPU
	EndGlobalSection
	GlobalSection(SolutionProperties) = preSolution
		HideSolutionNode = FALSE
	EndGlobalSection
	GlobalSection(ExtensibilityGlobals) = postSolution
		SolutionGuid = {8CBA02D4-3E22-4F49-A34F-4A48F54C034D}
	EndGlobalSection
EndGlobal
